<?xml version="1.0" encoding="utf-8"?>
<Project ToolsVersion="4.0" xmlns="http://schemas.microsoft.com/developer/msbuild/2003">
  <ItemGroup>
    <Filter Include="Source Files">
      <UniqueIdentifier>{4FC737F1-C7A5-4376-A066-2A32D752A2FF}</UniqueIdentifier>
      <Extensions>cpp;c;cc;cxx;c++;cppm;ixx;def;odl;idl;hpj;bat;asm;asmx</Extensions>
    </Filter>
    <Filter Include="Header Files">
      <UniqueIdentifier>{93995380-89BD-4b04-88EB-625FBE52EBFB}</UniqueIdentifier>
      <Extensions>h;hh;hpp;hxx;h++;hm;inl;inc;ipp;xsd</Extensions>
    </Filter>
    <Filter Include="Resource Files">
      <UniqueIdentifier>{67DA6AB6-F800-4c08-8B7A-83BB121AAD01}</UniqueIdentifier>
      <Extensions>rc;ico;cur;bmp;dlg;rc2;rct;bin;rgs;gif;jpg;jpeg;jpe;resx;tiff;tif;png;wav;mfcribbon-ms</Extensions>
    </Filter>
  </ItemGroup>
  <ItemGroup>
    <ClCompile Include="main.cpp">
      <Filter>Source Files</Filter>
    </ClCompile>
    <ClCompile Include="Core\Vulkan\src\VulkanInstance.cpp">
      <Filter>Source Files</Filter>
    </ClCompile>
    <ClCompile Include="Core\Vulkan\src\VulkanValidator.cpp">
      <Filter>Source Files</Filter>
    </ClCompile>
    <ClCompile Include="Core\Vulkan\src\VulkanDevice.cpp">
      <Filter>Source Files</Filter>
    </ClCompile>
    <ClCompile Include="Core\Vulkan\src\VulkanSwapChain.cpp">
      <Filter>Source Files</Filter>
    </ClCompile>
    <ClCompile Include="Core\Vulkan\Util\src\QueueFamilyIndices.cpp">
      <Filter>Source Files</Filter>
    </ClCompile>
    <ClCompile Include="Core\Vulkan\Util\src\SwapChainSupportDetails.cpp">
      <Filter>Source Files</Filter>
    </ClCompile>
    <ClCompile Include="Core\Graphics\src\GraphicsSyncObject.cpp">
      <Filter>Source Files</Filter>
    </ClCompile>
    <ClCompile Include="Core\Graphics\src\RenderPipelineInfo.cpp">
      <Filter>Source Files</Filter>
    </ClCompile>
    <ClCompile Include="Core\Graphics\Util\src\RenderUtils.cpp">
      <Filter>Source Files</Filter>
    </ClCompile>
    <ClCompile Include="lib\shml\src\matrix.cpp">
      <Filter>Source Files</Filter>
    </ClCompile>
    <ClCompile Include="lib\shml\src\vectors.cpp">
      <Filter>Source Files</Filter>
    </ClCompile>
    <ClCompile Include="Core\Graphics\src\RenderCommand.cpp">
      <Filter>Source Files</Filter>
    </ClCompile>
    <ClCompile Include="Core\Graphics\src\GraphicsUtils.cpp">
      <Filter>Source Files</Filter>
    </ClCompile>
    <ClCompile Include="Core\Graphics\Pipeline\src\GraphicsPipeline.cpp">
      <Filter>Source Files</Filter>
    </ClCompile>
    <ClCompile Include="Core\Graphics\Shader\src\ShaderModule.cpp">
      <Filter>Source Files</Filter>
    </ClCompile>
    <ClCompile Include="lib\SPIRV-Reflect\spirv_reflect.c">
      <Filter>Source Files</Filter>
    </ClCompile>
    <ClCompile Include="lib\SPIRV-Reflect\spirv_reflect.cpp">
      <Filter>Source Files</Filter>
    </ClCompile>
    <ClCompile Include="Core\Graphics\Shader\src\ShaderModuleInfo.cpp">
      <Filter>Source Files</Filter>
    </ClCompile>
    <ClCompile Include="Core\Graphics\Shader\Reflection\src\PipelineSummary.cpp">
      <Filter>Source Files</Filter>
    </ClCompile>
    <ClCompile Include="Core\Graphics\Renderer\src\Renderer.cpp">
      <Filter>Source Files</Filter>
    </ClCompile>
    <ClCompile Include="Core\Graphics\Uniform\src\UniformBuffer.cpp">
      <Filter>Source Files</Filter>
    </ClCompile>
    <ClCompile Include="Core\Graphics\Texture\src\GPUTexture.cpp">
      <Filter>Source Files</Filter>
    </ClCompile>
    <ClCompile Include="Core\Graphics\Descriptor\src\Descriptors.cpp">
      <Filter>Source Files</Filter>
    </ClCompile>
    <ClCompile Include="Core\Graphics\Material\src\Material.cpp">
      <Filter>Source Files</Filter>
    </ClCompile>
    <ClCompile Include="Core\Graphics\Mesh\Util\src\MeshLoader.cpp">
      <Filter>Source Files</Filter>
    </ClCompile>
    <ClCompile Include="Core\Vulkan\src\VulkanUtils.cpp">
      <Filter>Source Files</Filter>
    </ClCompile>
    <ClCompile Include="Core\Entity\CommandBuffer\src\EntityCommandBuffer.cpp">
      <Filter>Source Files</Filter>
    </ClCompile>
    <ClCompile Include="Core\Graphics\Buffer\src\MeshBuffer.cpp">
      <Filter>Source Files</Filter>
    </ClCompile>
    <ClCompile Include="Core\Entity\Component\src\MeshRenderer.cpp">
      <Filter>Source Files</Filter>
    </ClCompile>
    <ClCompile Include="Core\Graphics\Buffer\src\GPUBuffer.cpp">
      <Filter>Source Files</Filter>
    </ClCompile>
    <ClCompile Include="Core\Graphics\Mesh\src\Vertex.cpp">
      <Filter>Source Files</Filter>
    </ClCompile>
    <ClCompile Include="Core\Graphics\Buffer\src\BufferUtils.cpp">
      <Filter>Source Files</Filter>
    </ClCompile>
    <ClCompile Include="Core\App\src\Application.cpp">
      <Filter>Source Files</Filter>
    </ClCompile>
    <ClCompile Include="Core\App\src\AppWindow.cpp">
      <Filter>Source Files</Filter>
    </ClCompile>
    <ClCompile Include="Core\Entity\src\Entity.cpp">
      <Filter>Source Files</Filter>
    </ClCompile>
    <ClCompile Include="Core\Entity\Component\src\Camera.cpp">
      <Filter>Source Files</Filter>
    </ClCompile>
    <ClCompile Include="Core\Scene\src\World.cpp">
      <Filter>Source Files</Filter>
    </ClCompile>
    <ClCompile Include="Core\Events\src\EventHandler.cpp">
      <Filter>Source Files</Filter>
    </ClCompile>
    <ClCompile Include="Core\Input\InputHandler.cpp">
      <Filter>Source Files</Filter>
    </ClCompile>
  </ItemGroup>
  <ItemGroup>
    <ClInclude Include="Core\Vulkan\VulkanInstance.h">
      <Filter>Header Files</Filter>
    </ClInclude>
    <ClInclude Include="Core\Vulkan\VulkanValidator.h">
      <Filter>Header Files</Filter>
    </ClInclude>
    <ClInclude Include="Core\Vulkan\VulkanDevice.h">
      <Filter>Header Files</Filter>
    </ClInclude>
    <ClInclude Include="Core\Vulkan\VulkanSwapChain.h">
      <Filter>Header Files</Filter>
    </ClInclude>
    <ClInclude Include="Core\Vulkan\Util\QueueFamilyIndices.h">
      <Filter>Header Files</Filter>
    </ClInclude>
    <ClInclude Include="Core\Vulkan\Util\SwapChainSupportDetails.h">
      <Filter>Header Files</Filter>
    </ClInclude>
    <ClInclude Include="Core\Graphics\RenderPipelineInfo.h">
      <Filter>Header Files</Filter>
    </ClInclude>
    <ClInclude Include="Core\Graphics\GraphicsSyncObject.h">
      <Filter>Header Files</Filter>
    </ClInclude>
    <ClInclude Include="Core\Graphics\Util\RenderUtils.h">
      <Filter>Header Files</Filter>
    </ClInclude>
    <ClInclude Include="lib\shml\mathutil.hpp">
      <Filter>Header Files</Filter>
    </ClInclude>
    <ClInclude Include="lib\shml\matrix3f.hpp">
      <Filter>Header Files</Filter>
    </ClInclude>
    <ClInclude Include="lib\shml\matrix4f.hpp">
      <Filter>Header Files</Filter>
    </ClInclude>
    <ClInclude Include="lib\shml\quat.hpp">
      <Filter>Header Files</Filter>
    </ClInclude>
    <ClInclude Include="lib\shml\transform.hpp">
      <Filter>Header Files</Filter>
    </ClInclude>
    <ClInclude Include="lib\shml\vec3f.hpp">
      <Filter>Header Files</Filter>
    </ClInclude>
    <ClInclude Include="lib\shml\vec3i.hpp">
      <Filter>Header Files</Filter>
    </ClInclude>
    <ClInclude Include="lib\shml\vec4f.hpp">
      <Filter>Header Files</Filter>
    </ClInclude>
    <ClInclude Include="Core\Graphics\Mesh\Mesh.h">
      <Filter>Header Files</Filter>
    </ClInclude>
    <ClInclude Include="Core\Graphics\RenderCommand.h">
      <Filter>Header Files</Filter>
    </ClInclude>
    <ClInclude Include="Core\Graphics\GraphicsUtils.h">
      <Filter>Header Files</Filter>
    </ClInclude>
    <ClInclude Include="Core\Graphics\Shader\MatrixBufferObject.h">
      <Filter>Header Files</Filter>
    </ClInclude>
    <ClInclude Include="Core\Graphics\Pipeline\GraphicsPipeline.h">
      <Filter>Header Files</Filter>
    </ClInclude>
    <ClInclude Include="Core\Structure\linkedList.h">
      <Filter>Header Files</Filter>
    </ClInclude>
    <ClInclude Include="Core\Graphics\Shader\ShaderModule.h">
      <Filter>Header Files</Filter>
    </ClInclude>
    <ClInclude Include="lib\SPIRV-Reflect\spirv_reflect.h">
      <Filter>Header Files</Filter>
    </ClInclude>
    <ClInclude Include="Core\Graphics\Shader\Reflection\DescriptorBindingInfo.h">
      <Filter>Header Files</Filter>
    </ClInclude>
    <ClInclude Include="Core\Graphics\Shader\Reflection\VertexAttributeInfo.h">
      <Filter>Header Files</Filter>
    </ClInclude>
    <ClInclude Include="Core\Graphics\Shader\ShaderModuleInfo.h">
      <Filter>Header Files</Filter>
    </ClInclude>
    <ClInclude Include="Core\Graphics\Shader\Reflection\PushConstantInfo.h">
      <Filter>Header Files</Filter>
    </ClInclude>
    <ClInclude Include="Core\Graphics\Shader\Reflection\FragmentOutputInfo.h">
      <Filter>Header Files</Filter>
    </ClInclude>
    <ClInclude Include="Core\Graphics\Shader\Reflection\SpecializationConstantInfo.h">
      <Filter>Header Files</Filter>
    </ClInclude>
    <ClInclude Include="Core\Graphics\Shader\Reflection\PipelineSummary.h">
      <Filter>Header Files</Filter>
    </ClInclude>
    <ClInclude Include="Core\Graphics\Renderer\Renderer.h">
      <Filter>Header Files</Filter>
    </ClInclude>
    <ClInclude Include="Core\Graphics\Shader\PipelineShader.h">
      <Filter>Header Files</Filter>
    </ClInclude>
    <ClInclude Include="Core\Graphics\Uniform\GPUCameraData.h">
      <Filter>Header Files</Filter>
    </ClInclude>
    <ClInclude Include="Core\Graphics\Uniform\UniformBuffer.h">
      <Filter>Header Files</Filter>
    </ClInclude>
    <ClInclude Include="Core\Graphics\Texture\GPUTexture.h">
      <Filter>Header Files</Filter>
    </ClInclude>
    <ClInclude Include="Core\Graphics\Pipeline\PipelineMaterialLayout.h">
      <Filter>Header Files</Filter>
    </ClInclude>
    <ClInclude Include="Core\Graphics\Descriptor\Descriptors.h">
      <Filter>Header Files</Filter>
    </ClInclude>
    <ClInclude Include="Core\Graphics\Descriptor\DescriptorHandle.h">
      <Filter>Header Files</Filter>
    </ClInclude>
    <ClInclude Include="Core\Graphics\Material\Material.h">
      <Filter>Header Files</Filter>
    </ClInclude>
    <ClInclude Include="Core\Graphics\Shader\Reflection.h">
      <Filter>Header Files</Filter>
    </ClInclude>
    <ClInclude Include="Core\Graphics\Material\MaterialPropertyBlock.h">
      <Filter>Header Files</Filter>
    </ClInclude>
    <ClInclude Include="Core\Graphics\Mesh\Util\MeshLoader.h">
      <Filter>Header Files</Filter>
    </ClInclude>
    <ClInclude Include="Core\Graphics\DepthBuffer.h">
      <Filter>Header Files</Filter>
    </ClInclude>
    <ClInclude Include="Core\Vulkan\VulkanUtils.h">
      <Filter>Header Files</Filter>
    </ClInclude>
    <ClInclude Include="Core\Structure\IDVector.h">
      <Filter>Header Files</Filter>
    </ClInclude>
    <ClInclude Include="Core\Entity\CommandBuffer\EntityCommandBuffer.h">
      <Filter>Header Files</Filter>
    </ClInclude>
    <ClInclude Include="Core\Entity\Component\Camera.h">
      <Filter>Header Files</Filter>
    </ClInclude>
    <ClInclude Include="Core\Entity\Component\IEntityComponent.h">
      <Filter>Header Files</Filter>
    </ClInclude>
    <ClInclude Include="Core\App\Application.h">
      <Filter>Header Files</Filter>
    </ClInclude>
    <ClInclude Include="Core\App\AppWindow.h">
      <Filter>Header Files</Filter>
    </ClInclude>
    <ClInclude Include="Core\Graphics\Buffer\BufferUtils.h">
      <Filter>Header Files</Filter>
    </ClInclude>
    <ClInclude Include="Core\Graphics\Buffer\MeshBuffer.h">
      <Filter>Header Files</Filter>
    </ClInclude>
    <ClInclude Include="Core\Entity\Component\MeshRenderer.h">
      <Filter>Header Files</Filter>
    </ClInclude>
    <ClInclude Include="Core\Graphics\Buffer\GPUBuffer.h">
      <Filter>Header Files</Filter>
    </ClInclude>
    <ClInclude Include="Core\Entity\Entity.h">
      <Filter>Header Files</Filter>
    </ClInclude>
    <ClInclude Include="Core\Scene\SceneNode.h">
      <Filter>Header Files</Filter>
    </ClInclude>
    <ClInclude Include="Core\Scene\World.h">
      <Filter>Header Files</Filter>
    </ClInclude>
    <ClInclude Include="Core\Structure\DataPtr.h">
      <Filter>Header Files</Filter>
    </ClInclude>
    <ClInclude Include="Core\Events\Event.h">
      <Filter>Header Files</Filter>
    </ClInclude>
    <ClInclude Include="Core\Events\WindowEvents.h">
      <Filter>Header Files</Filter>
    </ClInclude>
    <ClInclude Include="Core\Events\MouseEvents.h">
      <Filter>Header Files</Filter>
    </ClInclude>
    <ClInclude Include="Core\Events\KeyboardEvents.h">
      <Filter>Header Files</Filter>
    </ClInclude>
    <ClInclude Include="Core\Events\EventHandler.h">
      <Filter>Header Files</Filter>
    </ClInclude>
    <ClInclude Include="Core\Input\InputHandler.h">
      <Filter>Header Files</Filter>
    </ClInclude>
    <ClInclude Include="Core\Game\Game.h">
      <Filter>Header Files</Filter>
    </ClInclude>
  </ItemGroup>
</Project>